// !$*UTF8*$!
{
	archiveVersion = 1;
	classes = {
	};
	objectVersion = 56;
	objects = {

/* Begin PBXBuildFile section */
		1B23A4922AFC866100F46509 /* SnapKit in Frameworks */ = {isa = PBXBuildFile; productRef = 1B23A4912AFC866100F46509 /* SnapKit */; };
		1B23A4942AFC866100F46509 /* SnapKit-Dynamic in Frameworks */ = {isa = PBXBuildFile; productRef = 1B23A4932AFC866100F46509 /* SnapKit-Dynamic */; };
		1B23D70B2AEE4FE5003C4CF5 /* GoogleService-Info.plist in Resources */ = {isa = PBXBuildFile; fileRef = 1B23D70A2AEE4FE5003C4CF5 /* GoogleService-Info.plist */; };
		1B23D74D2AEE5F7C003C4CF5 /* PostViewController.swift in Sources */ = {isa = PBXBuildFile; fileRef = 1B23D74C2AEE5F7C003C4CF5 /* PostViewController.swift */; };
		1B23D74F2AEE5FBC003C4CF5 /* RegisterViewController.swift in Sources */ = {isa = PBXBuildFile; fileRef = 1B23D74E2AEE5FBC003C4CF5 /* RegisterViewController.swift */; };
		1B23D7512AEE5FE2003C4CF5 /* LoginViewController.swift in Sources */ = {isa = PBXBuildFile; fileRef = 1B23D7502AEE5FE2003C4CF5 /* LoginViewController.swift */; };
		1B23D7532AEE63C5003C4CF5 /* Contants.swift in Sources */ = {isa = PBXBuildFile; fileRef = 1B23D7522AEE63C5003C4CF5 /* Contants.swift */; };
		1B51E5552AFCE45F00BF64B4 /* Pods_Circle.framework in Frameworks */ = {isa = PBXBuildFile; fileRef = 1586A7A0096776504373FFEE /* Pods_Circle.framework */; };
		1B783E712AE6942D005252A8 /* AppDelegate.swift in Sources */ = {isa = PBXBuildFile; fileRef = 1B783E702AE6942D005252A8 /* AppDelegate.swift */; };
		1B783E732AE6942D005252A8 /* SceneDelegate.swift in Sources */ = {isa = PBXBuildFile; fileRef = 1B783E722AE6942D005252A8 /* SceneDelegate.swift */; };
		1B783E752AE6942D005252A8 /* TakePhotoViewController.swift in Sources */ = {isa = PBXBuildFile; fileRef = 1B783E742AE6942D005252A8 /* TakePhotoViewController.swift */; };
		1B783E7A2AE6942E005252A8 /* Assets.xcassets in Resources */ = {isa = PBXBuildFile; fileRef = 1B783E792AE6942E005252A8 /* Assets.xcassets */; };
		1B783E7D2AE6942E005252A8 /* LaunchScreen.storyboard in Resources */ = {isa = PBXBuildFile; fileRef = 1B783E7B2AE6942E005252A8 /* LaunchScreen.storyboard */; };
		1B95D2582AF10AA600432271 /* Model.swift in Sources */ = {isa = PBXBuildFile; fileRef = 1B95D2572AF10AA600432271 /* Model.swift */; };
		1B95D25A2AF10C0100432271 /* PeopleViewModel.swift in Sources */ = {isa = PBXBuildFile; fileRef = 1B95D2592AF10C0100432271 /* PeopleViewModel.swift */; };
		1B95D25D2AF11A9600432271 /* PersonCollectionViewCell.swift in Sources */ = {isa = PBXBuildFile; fileRef = 1B95D25C2AF11A9600432271 /* PersonCollectionViewCell.swift */; };
		1BA8B7632B05C54900F25535 /* User.swift in Sources */ = {isa = PBXBuildFile; fileRef = 1BA8B7622B05C54900F25535 /* User.swift */; };
		1BA8B7672B05C56D00F25535 /* Location.swift in Sources */ = {isa = PBXBuildFile; fileRef = 1BA8B7662B05C56D00F25535 /* Location.swift */; };
		1BA8B81F2B078BE100F25535 /* Post.swift in Sources */ = {isa = PBXBuildFile; fileRef = 1BA8B81E2B078BE100F25535 /* Post.swift */; };
		1BA8B8212B078C7900F25535 /* Comment.swift in Sources */ = {isa = PBXBuildFile; fileRef = 1BA8B8202B078C7900F25535 /* Comment.swift */; };
		1BA8B8232B078FE200F25535 /* CreatePost.swift in Sources */ = {isa = PBXBuildFile; fileRef = 1BA8B8222B078FE200F25535 /* CreatePost.swift */; };
		1BA8B8252B078FF800F25535 /* RegisterUser.swift in Sources */ = {isa = PBXBuildFile; fileRef = 1BA8B8242B078FF800F25535 /* RegisterUser.swift */; };
		1BA8B8272B07913000F25535 /* AddFriend.swift in Sources */ = {isa = PBXBuildFile; fileRef = 1BA8B8262B07913000F25535 /* AddFriend.swift */; };
		1BA8B8292B07913900F25535 /* EnableGPS.swift in Sources */ = {isa = PBXBuildFile; fileRef = 1BA8B8282B07913900F25535 /* EnableGPS.swift */; };
		1BA8B82B2B07914B00F25535 /* TakePhoto.swift in Sources */ = {isa = PBXBuildFile; fileRef = 1BA8B82A2B07914B00F25535 /* TakePhoto.swift */; };
		1BA8B82D2B07915900F25535 /* UpdateUserLocation.swift in Sources */ = {isa = PBXBuildFile; fileRef = 1BA8B82C2B07915900F25535 /* UpdateUserLocation.swift */; };
		1BA8B82F2B07916500F25535 /* CheckLocationPermission.swift in Sources */ = {isa = PBXBuildFile; fileRef = 1BA8B82E2B07916500F25535 /* CheckLocationPermission.swift */; };
		1BA8B8312B0791AC00F25535 /* CheckProximityWithFriend.swift in Sources */ = {isa = PBXBuildFile; fileRef = 1BA8B8302B0791AC00F25535 /* CheckProximityWithFriend.swift */; };
		1BA8B8332B07926C00F25535 /* ViewPostsOnCalendar.swift in Sources */ = {isa = PBXBuildFile; fileRef = 1BA8B8322B07926C00F25535 /* ViewPostsOnCalendar.swift */; };
		1BA8B8362B07933A00F25535 /* FetchFriendList.swift in Sources */ = {isa = PBXBuildFile; fileRef = 1BA8B8352B07933A00F25535 /* FetchFriendList.swift */; };
		1BA8B8382B07935900F25535 /* GrantPhotoPermission.swift in Sources */ = {isa = PBXBuildFile; fileRef = 1BA8B8372B07935900F25535 /* GrantPhotoPermission.swift */; };
		1BA8B83A2B08AA8A00F25535 /*  NotifyFriendsProximity .swift in Sources */ = {isa = PBXBuildFile; fileRef = 1BA8B8392B08AA8A00F25535 /*  NotifyFriendsProximity .swift */; };
		1BB03D4A2AFDE4AF002B61C9 /* SectionController.swift in Sources */ = {isa = PBXBuildFile; fileRef = 1BB03D492AFDE4AF002B61C9 /* SectionController.swift */; };
		1BEC07342AFE4135000F6036 /* PostCell.swift in Sources */ = {isa = PBXBuildFile; fileRef = 1BEC07332AFE4135000F6036 /* PostCell.swift */; };
		1BFDD6872AEFA2BF0067EFF9 /* CalenderViewController.swift in Sources */ = {isa = PBXBuildFile; fileRef = 1BFDD6862AEFA2BF0067EFF9 /* CalenderViewController.swift */; };
		1BFDD6892AF0D88F0067EFF9 /* PersonView.swift in Sources */ = {isa = PBXBuildFile; fileRef = 1BFDD6882AF0D88F0067EFF9 /* PersonView.swift */; };
/* End PBXBuildFile section */

/* Begin PBXFileReference section */
		1586A7A0096776504373FFEE /* Pods_Circle.framework */ = {isa = PBXFileReference; explicitFileType = wrapper.framework; includeInIndex = 0; path = Pods_Circle.framework; sourceTree = BUILT_PRODUCTS_DIR; };
		1B23A4952AFC869900F46509 /* PeopleViewController.playground */ = {isa = PBXFileReference; lastKnownFileType = file.playground; path = PeopleViewController.playground; sourceTree = "<group>"; xcLanguageSpecificationIdentifier = xcode.lang.swift; };
		1B23A4962AFC86E400F46509 /* PeopleViewModel.playground */ = {isa = PBXFileReference; lastKnownFileType = file.playground; path = PeopleViewModel.playground; sourceTree = "<group>"; xcLanguageSpecificationIdentifier = xcode.lang.swift; };
		1B23A4972AFC870E00F46509 /* Model.playground */ = {isa = PBXFileReference; lastKnownFileType = file.playground; path = Model.playground; sourceTree = "<group>"; xcLanguageSpecificationIdentifier = xcode.lang.swift; };
		1B23A4982AFC876200F46509 /* PersonView.playground */ = {isa = PBXFileReference; lastKnownFileType = file.playground; path = PersonView.playground; sourceTree = "<group>"; xcLanguageSpecificationIdentifier = xcode.lang.swift; };
		1B23A4992AFC879000F46509 /* PersonViewCell.playground */ = {isa = PBXFileReference; lastKnownFileType = file.playground; path = PersonViewCell.playground; sourceTree = "<group>"; xcLanguageSpecificationIdentifier = xcode.lang.swift; };
		1B23D70A2AEE4FE5003C4CF5 /* GoogleService-Info.plist */ = {isa = PBXFileReference; fileEncoding = 4; lastKnownFileType = text.plist.xml; path = "GoogleService-Info.plist"; sourceTree = "<group>"; };
		1B23D74C2AEE5F7C003C4CF5 /* PostViewController.swift */ = {isa = PBXFileReference; lastKnownFileType = sourcecode.swift; path = PostViewController.swift; sourceTree = "<group>"; };
		1B23D74E2AEE5FBC003C4CF5 /* RegisterViewController.swift */ = {isa = PBXFileReference; lastKnownFileType = sourcecode.swift; path = RegisterViewController.swift; sourceTree = "<group>"; };
		1B23D7502AEE5FE2003C4CF5 /* LoginViewController.swift */ = {isa = PBXFileReference; lastKnownFileType = sourcecode.swift; path = LoginViewController.swift; sourceTree = "<group>"; };
		1B23D7522AEE63C5003C4CF5 /* Contants.swift */ = {isa = PBXFileReference; lastKnownFileType = sourcecode.swift; path = Contants.swift; sourceTree = "<group>"; };
		1B783E6D2AE6942D005252A8 /* Circle.app */ = {isa = PBXFileReference; explicitFileType = wrapper.application; includeInIndex = 0; path = Circle.app; sourceTree = BUILT_PRODUCTS_DIR; };
		1B783E702AE6942D005252A8 /* AppDelegate.swift */ = {isa = PBXFileReference; lastKnownFileType = sourcecode.swift; path = AppDelegate.swift; sourceTree = "<group>"; };
		1B783E722AE6942D005252A8 /* SceneDelegate.swift */ = {isa = PBXFileReference; lastKnownFileType = sourcecode.swift; path = SceneDelegate.swift; sourceTree = "<group>"; };
		1B783E742AE6942D005252A8 /* TakePhotoViewController.swift */ = {isa = PBXFileReference; lastKnownFileType = sourcecode.swift; path = TakePhotoViewController.swift; sourceTree = "<group>"; };
		1B783E792AE6942E005252A8 /* Assets.xcassets */ = {isa = PBXFileReference; lastKnownFileType = folder.assetcatalog; path = Assets.xcassets; sourceTree = "<group>"; };
		1B783E7C2AE6942E005252A8 /* Base */ = {isa = PBXFileReference; lastKnownFileType = file.storyboard; name = Base; path = Base.lproj/LaunchScreen.storyboard; sourceTree = "<group>"; };
		1B783E7E2AE6942E005252A8 /* Info.plist */ = {isa = PBXFileReference; lastKnownFileType = text.plist.xml; path = Info.plist; sourceTree = "<group>"; };
		1B95D2572AF10AA600432271 /* Model.swift */ = {isa = PBXFileReference; lastKnownFileType = sourcecode.swift; path = Model.swift; sourceTree = "<group>"; };
		1B95D2592AF10C0100432271 /* PeopleViewModel.swift */ = {isa = PBXFileReference; lastKnownFileType = sourcecode.swift; path = PeopleViewModel.swift; sourceTree = "<group>"; };
		1B95D25C2AF11A9600432271 /* PersonCollectionViewCell.swift */ = {isa = PBXFileReference; lastKnownFileType = sourcecode.swift; path = PersonCollectionViewCell.swift; sourceTree = "<group>"; };
		1BA8B7622B05C54900F25535 /* User.swift */ = {isa = PBXFileReference; lastKnownFileType = sourcecode.swift; path = User.swift; sourceTree = "<group>"; };
		1BA8B7662B05C56D00F25535 /* Location.swift */ = {isa = PBXFileReference; lastKnownFileType = sourcecode.swift; path = Location.swift; sourceTree = "<group>"; };
		1BA8B81E2B078BE100F25535 /* Post.swift */ = {isa = PBXFileReference; lastKnownFileType = sourcecode.swift; path = Post.swift; sourceTree = "<group>"; };
		1BA8B8202B078C7900F25535 /* Comment.swift */ = {isa = PBXFileReference; lastKnownFileType = sourcecode.swift; path = Comment.swift; sourceTree = "<group>"; };
		1BA8B8222B078FE200F25535 /* CreatePost.swift */ = {isa = PBXFileReference; lastKnownFileType = sourcecode.swift; path = CreatePost.swift; sourceTree = "<group>"; };
		1BA8B8242B078FF800F25535 /* RegisterUser.swift */ = {isa = PBXFileReference; lastKnownFileType = sourcecode.swift; path = RegisterUser.swift; sourceTree = "<group>"; };
		1BA8B8262B07913000F25535 /* AddFriend.swift */ = {isa = PBXFileReference; lastKnownFileType = sourcecode.swift; path = AddFriend.swift; sourceTree = "<group>"; };
		1BA8B8282B07913900F25535 /* EnableGPS.swift */ = {isa = PBXFileReference; lastKnownFileType = sourcecode.swift; path = EnableGPS.swift; sourceTree = "<group>"; };
		1BA8B82A2B07914B00F25535 /* TakePhoto.swift */ = {isa = PBXFileReference; lastKnownFileType = sourcecode.swift; path = TakePhoto.swift; sourceTree = "<group>"; };
		1BA8B82C2B07915900F25535 /* UpdateUserLocation.swift */ = {isa = PBXFileReference; lastKnownFileType = sourcecode.swift; path = UpdateUserLocation.swift; sourceTree = "<group>"; };
		1BA8B82E2B07916500F25535 /* CheckLocationPermission.swift */ = {isa = PBXFileReference; lastKnownFileType = sourcecode.swift; path = CheckLocationPermission.swift; sourceTree = "<group>"; };
		1BA8B8302B0791AC00F25535 /* CheckProximityWithFriend.swift */ = {isa = PBXFileReference; lastKnownFileType = sourcecode.swift; path = CheckProximityWithFriend.swift; sourceTree = "<group>"; };
		1BA8B8322B07926C00F25535 /* ViewPostsOnCalendar.swift */ = {isa = PBXFileReference; lastKnownFileType = sourcecode.swift; path = ViewPostsOnCalendar.swift; sourceTree = "<group>"; };
		1BA8B8352B07933A00F25535 /* FetchFriendList.swift */ = {isa = PBXFileReference; lastKnownFileType = sourcecode.swift; path = FetchFriendList.swift; sourceTree = "<group>"; };
		1BA8B8372B07935900F25535 /* GrantPhotoPermission.swift */ = {isa = PBXFileReference; lastKnownFileType = sourcecode.swift; path = GrantPhotoPermission.swift; sourceTree = "<group>"; };
		1BA8B8392B08AA8A00F25535 /*  NotifyFriendsProximity .swift */ = {isa = PBXFileReference; lastKnownFileType = sourcecode.swift; name = " NotifyFriendsProximity .swift"; path = "../../../../../ NotifyFriendsProximity .swift"; sourceTree = "<group>"; };
		1BB03D492AFDE4AF002B61C9 /* SectionController.swift */ = {isa = PBXFileReference; lastKnownFileType = sourcecode.swift; path = SectionController.swift; sourceTree = "<group>"; };
		1BEC07332AFE4135000F6036 /* PostCell.swift */ = {isa = PBXFileReference; lastKnownFileType = sourcecode.swift; path = PostCell.swift; sourceTree = "<group>"; };
		1BFDD6862AEFA2BF0067EFF9 /* CalenderViewController.swift */ = {isa = PBXFileReference; lastKnownFileType = sourcecode.swift; path = CalenderViewController.swift; sourceTree = "<group>"; };
		1BFDD6882AF0D88F0067EFF9 /* PersonView.swift */ = {isa = PBXFileReference; lastKnownFileType = sourcecode.swift; path = PersonView.swift; sourceTree = "<group>"; };
		B66815C8BC959131D3F183F0 /* Pods-Circle.release.xcconfig */ = {isa = PBXFileReference; includeInIndex = 1; lastKnownFileType = text.xcconfig; name = "Pods-Circle.release.xcconfig"; path = "Target Support Files/Pods-Circle/Pods-Circle.release.xcconfig"; sourceTree = "<group>"; };
		E13EE9AB252B4E86A2A197C4 /* Pods-Circle.debug.xcconfig */ = {isa = PBXFileReference; includeInIndex = 1; lastKnownFileType = text.xcconfig; name = "Pods-Circle.debug.xcconfig"; path = "Target Support Files/Pods-Circle/Pods-Circle.debug.xcconfig"; sourceTree = "<group>"; };
/* End PBXFileReference section */

/* Begin PBXFrameworksBuildPhase section */
		1B783E6A2AE6942D005252A8 /* Frameworks */ = {
			isa = PBXFrameworksBuildPhase;
			buildActionMask = 2147483647;
			files = (
				1B51E5552AFCE45F00BF64B4 /* Pods_Circle.framework in Frameworks */,
				1B23A4922AFC866100F46509 /* SnapKit in Frameworks */,
				1B23A4942AFC866100F46509 /* SnapKit-Dynamic in Frameworks */,
			);
			runOnlyForDeploymentPostprocessing = 0;
		};
/* End PBXFrameworksBuildPhase section */

/* Begin PBXGroup section */
		022E6C77912E899A6016876F /* Frameworks */ = {
			isa = PBXGroup;
			children = (
				1586A7A0096776504373FFEE /* Pods_Circle.framework */,
			);
			name = Frameworks;
			sourceTree = "<group>";
		};
		1B23D7492AEE5925003C4CF5 /* LoginPageController */ = {
			isa = PBXGroup;
			children = (
				1B23D74E2AEE5FBC003C4CF5 /* RegisterViewController.swift */,
				1B23D7502AEE5FE2003C4CF5 /* LoginViewController.swift */,
			);
			path = LoginPageController;
			sourceTree = "<group>";
		};
		1B23D74A2AEE5943003C4CF5 /* View */ = {
			isa = PBXGroup;
			children = (
				1BFDD6882AF0D88F0067EFF9 /* PersonView.swift */,
				1B95D25C2AF11A9600432271 /* PersonCollectionViewCell.swift */,
			);
			path = View;
			sourceTree = "<group>";
		};
		1B23D74B2AEE5951003C4CF5 /* Model */ = {
			isa = PBXGroup;
			children = (
				1B95D2572AF10AA600432271 /* Model.swift */,
			);
			path = Model;
			sourceTree = "<group>";
		};
		1B51E5492AFC8F5800BF64B4 /* Controller */ = {
			isa = PBXGroup;
			children = (
				1B23D74C2AEE5F7C003C4CF5 /* PostViewController.swift */,
				1BB03D492AFDE4AF002B61C9 /* SectionController.swift */,
			);
			path = Controller;
			sourceTree = "<group>";
		};
		1B783E642AE6942D005252A8 = {
			isa = PBXGroup;
			children = (
				1B783E6F2AE6942D005252A8 /* Circle */,
				1B783E6E2AE6942D005252A8 /* Products */,
				2E3FEA1D8AA415C3BD6F96AF /* Pods */,
				022E6C77912E899A6016876F /* Frameworks */,
			);
			sourceTree = "<group>";
		};
		1B783E6E2AE6942D005252A8 /* Products */ = {
			isa = PBXGroup;
			children = (
				1B783E6D2AE6942D005252A8 /* Circle.app */,
			);
			name = Products;
			sourceTree = "<group>";
		};
		1B783E6F2AE6942D005252A8 /* Circle */ = {
			isa = PBXGroup;
			children = (
				1BA8B7582B05B25D00F25535 /* NEW */,
				1B783E702AE6942D005252A8 /* AppDelegate.swift */,
				1B783E722AE6942D005252A8 /* SceneDelegate.swift */,
				1BEC07332AFE4135000F6036 /* PostCell.swift */,
				1B51E5492AFC8F5800BF64B4 /* Controller */,
				1B23D74A2AEE5943003C4CF5 /* View */,
				1B95D25B2AF10C1400432271 /* ViewModel */,
				1B23D74B2AEE5951003C4CF5 /* Model */,
				1BFDD6832AEF928D0067EFF9 /* TapBarController */,
				1B23D7492AEE5925003C4CF5 /* LoginPageController */,
				1B23D70A2AEE4FE5003C4CF5 /* GoogleService-Info.plist */,
				1B783E792AE6942E005252A8 /* Assets.xcassets */,
				1B783E7B2AE6942E005252A8 /* LaunchScreen.storyboard */,
				1B783E7E2AE6942E005252A8 /* Info.plist */,
				1B23D7522AEE63C5003C4CF5 /* Contants.swift */,
				1B23A4952AFC869900F46509 /* PeopleViewController.playground */,
				1B23A4982AFC876200F46509 /* PersonView.playground */,
				1B23A4972AFC870E00F46509 /* Model.playground */,
				1B23A4962AFC86E400F46509 /* PeopleViewModel.playground */,
				1B23A4992AFC879000F46509 /* PersonViewCell.playground */,
			);
			path = Circle;
			sourceTree = "<group>";
		};
		1B95D25B2AF10C1400432271 /* ViewModel */ = {
			isa = PBXGroup;
			children = (
				1B95D2592AF10C0100432271 /* PeopleViewModel.swift */,
			);
			path = ViewModel;
			sourceTree = "<group>";
		};
		1BA8B7582B05B25D00F25535 /* NEW */ = {
			isa = PBXGroup;
			children = (
				1BA8B75B2B05B29B00F25535 /* Domain */,
				1BA8B75F2B05B33700F25535 /* Data */,
				1BA8B75E2B05B31B00F25535 /* Prestentation */,
			);
			path = NEW;
			sourceTree = "<group>";
		};
		1BA8B7592B05B26800F25535 /* Enteties */ = {
			isa = PBXGroup;
			children = (
				1BA8B7622B05C54900F25535 /* User.swift */,
				1BA8B81E2B078BE100F25535 /* Post.swift */,
				1BA8B7662B05C56D00F25535 /* Location.swift */,
				1BA8B8202B078C7900F25535 /* Comment.swift */,
			);
			path = Enteties;
			sourceTree = "<group>";
		};
		1BA8B75A2B05B28B00F25535 /* Usecases */ = {
			isa = PBXGroup;
			children = (
				1BA8B8242B078FF800F25535 /* RegisterUser.swift */,
				1BA8B8222B078FE200F25535 /* CreatePost.swift */,
				1BA8B8262B07913000F25535 /* AddFriend.swift */,
				1BA8B8282B07913900F25535 /* EnableGPS.swift */,
				1BA8B82A2B07914B00F25535 /* TakePhoto.swift */,
				1BA8B82C2B07915900F25535 /* UpdateUserLocation.swift */,
				1BA8B82E2B07916500F25535 /* CheckLocationPermission.swift */,
				1BA8B8302B0791AC00F25535 /* CheckProximityWithFriend.swift */,
				1BA8B8322B07926C00F25535 /* ViewPostsOnCalendar.swift */,
				1BA8B8352B07933A00F25535 /* FetchFriendList.swift */,
				1BA8B8392B08AA8A00F25535 /*  NotifyFriendsProximity .swift */,
				1BA8B8372B07935900F25535 /* GrantPhotoPermission.swift */,
			);
			path = Usecases;
			sourceTree = "<group>";
		};
		1BA8B75B2B05B29B00F25535 /* Domain */ = {
			isa = PBXGroup;
			children = (
				1BA8B7592B05B26800F25535 /* Enteties */,
				1BA8B75A2B05B28B00F25535 /* Usecases */,
				1BA8B75C2B05B2AE00F25535 /* Repository */,
				1BA8B75D2B05B2D300F25535 /* Interfaces */,
			);
			path = Domain;
			sourceTree = "<group>";
		};
		1BA8B75C2B05B2AE00F25535 /* Repository */ = {
			isa = PBXGroup;
			children = (
			);
			path = Repository;
			sourceTree = "<group>";
		};
		1BA8B75D2B05B2D300F25535 /* Interfaces */ = {
			isa = PBXGroup;
			children = (
			);
			path = Interfaces;
			sourceTree = "<group>";
		};
		1BA8B75E2B05B31B00F25535 /* Prestentation */ = {
			isa = PBXGroup;
			children = (
				1BA8B76C2B05D33A00F25535 /* Flows */,
				1BA8B76B2B05CBAE00F25535 /* TabBarCoordinator */,
				1BA8B76A2B05CB9500F25535 /* ShotPhotoScene */,
				1BA8B7692B05CB8100F25535 /* ProfileScene */,
				1BA8B7602B05B6F900F25535 /* PostScene */,
			);
			path = Prestentation;
			sourceTree = "<group>";
		};
		1BA8B75F2B05B33700F25535 /* Data */ = {
			isa = PBXGroup;
			children = (
				1BA8B76E2B05DA7500F25535 /* Network */,
				1BA8B7612B05B71400F25535 /* Repositories */,
			);
			path = Data;
			sourceTree = "<group>";
		};
		1BA8B7602B05B6F900F25535 /* PostScene */ = {
			isa = PBXGroup;
			children = (
			);
			path = PostScene;
			sourceTree = "<group>";
		};
		1BA8B7612B05B71400F25535 /* Repositories */ = {
			isa = PBXGroup;
			children = (
			);
			path = Repositories;
			sourceTree = "<group>";
		};
		1BA8B7692B05CB8100F25535 /* ProfileScene */ = {
			isa = PBXGroup;
			children = (
			);
			path = ProfileScene;
			sourceTree = "<group>";
		};
		1BA8B76A2B05CB9500F25535 /* ShotPhotoScene */ = {
			isa = PBXGroup;
			children = (
			);
			path = ShotPhotoScene;
			sourceTree = "<group>";
		};
		1BA8B76B2B05CBAE00F25535 /* TabBarCoordinator */ = {
			isa = PBXGroup;
			children = (
			);
			path = TabBarCoordinator;
			sourceTree = "<group>";
		};
		1BA8B76C2B05D33A00F25535 /* Flows */ = {
			isa = PBXGroup;
			children = (
			);
			path = Flows;
			sourceTree = "<group>";
		};
		1BA8B76E2B05DA7500F25535 /* Network */ = {
			isa = PBXGroup;
			children = (
			);
			path = Network;
			sourceTree = "<group>";
		};
		1BFDD6832AEF928D0067EFF9 /* TapBarController */ = {
			isa = PBXGroup;
			children = (
				1B783E742AE6942D005252A8 /* TakePhotoViewController.swift */,
				1BFDD6862AEFA2BF0067EFF9 /* CalenderViewController.swift */,
			);
			path = TapBarController;
			sourceTree = "<group>";
		};
		2E3FEA1D8AA415C3BD6F96AF /* Pods */ = {
			isa = PBXGroup;
			children = (
				E13EE9AB252B4E86A2A197C4 /* Pods-Circle.debug.xcconfig */,
				B66815C8BC959131D3F183F0 /* Pods-Circle.release.xcconfig */,
			);
			path = Pods;
			sourceTree = "<group>";
		};
/* End PBXGroup section */

/* Begin PBXNativeTarget section */
		1B783E6C2AE6942D005252A8 /* Circle */ = {
			isa = PBXNativeTarget;
			buildConfigurationList = 1B783E812AE6942E005252A8 /* Build configuration list for PBXNativeTarget "Circle" */;
			buildPhases = (
				70BBAB85D6AFF7704FBC04CD /* [CP] Check Pods Manifest.lock */,
				1B783E692AE6942D005252A8 /* Sources */,
				1B783E6A2AE6942D005252A8 /* Frameworks */,
				1B783E6B2AE6942D005252A8 /* Resources */,
				94537742FE39DF1665ECF0A5 /* [CP] Embed Pods Frameworks */,
			);
			buildRules = (
			);
			dependencies = (
			);
			name = Circle;
			packageProductDependencies = (
				1B23A4912AFC866100F46509 /* SnapKit */,
				1B23A4932AFC866100F46509 /* SnapKit-Dynamic */,
			);
			productName = Circle;
			productReference = 1B783E6D2AE6942D005252A8 /* Circle.app */;
			productType = "com.apple.product-type.application";
		};
/* End PBXNativeTarget section */

/* Begin PBXProject section */
		1B783E652AE6942D005252A8 /* Project object */ = {
			isa = PBXProject;
			attributes = {
				BuildIndependentTargetsInParallel = 1;
				LastSwiftUpdateCheck = 1500;
				LastUpgradeCheck = 1500;
				TargetAttributes = {
					1B783E6C2AE6942D005252A8 = {
						CreatedOnToolsVersion = 15.0;
					};
				};
			};
			buildConfigurationList = 1B783E682AE6942D005252A8 /* Build configuration list for PBXProject "Circle" */;
			compatibilityVersion = "Xcode 14.0";
			developmentRegion = en;
			hasScannedForEncodings = 0;
			knownRegions = (
				en,
				Base,
			);
			mainGroup = 1B783E642AE6942D005252A8;
			packageReferences = (
				1B23D70C2AEE5165003C4CF5 /* XCRemoteSwiftPackageReference "firebase-ios-sdk" */,
				1B23A4902AFC866100F46509 /* XCRemoteSwiftPackageReference "SnapKit" */,
				1B51E54A2AFCA40E00BF64B4 /* XCRemoteSwiftPackageReference "IGListKit" */,
			);
			productRefGroup = 1B783E6E2AE6942D005252A8 /* Products */;
			projectDirPath = "";
			projectRoot = "";
			targets = (
				1B783E6C2AE6942D005252A8 /* Circle */,
			);
		};
/* End PBXProject section */

/* Begin PBXResourcesBuildPhase section */
		1B783E6B2AE6942D005252A8 /* Resources */ = {
			isa = PBXResourcesBuildPhase;
			buildActionMask = 2147483647;
			files = (
				1B783E7D2AE6942E005252A8 /* LaunchScreen.storyboard in Resources */,
				1B783E7A2AE6942E005252A8 /* Assets.xcassets in Resources */,
				1B23D70B2AEE4FE5003C4CF5 /* GoogleService-Info.plist in Resources */,
			);
			runOnlyForDeploymentPostprocessing = 0;
		};
/* End PBXResourcesBuildPhase section */

/* Begin PBXShellScriptBuildPhase section */
		70BBAB85D6AFF7704FBC04CD /* [CP] Check Pods Manifest.lock */ = {
			isa = PBXShellScriptBuildPhase;
			buildActionMask = 2147483647;
			files = (
			);
			inputFileListPaths = (
			);
			inputPaths = (
				"${PODS_PODFILE_DIR_PATH}/Podfile.lock",
				"${PODS_ROOT}/Manifest.lock",
			);
			name = "[CP] Check Pods Manifest.lock";
			outputFileListPaths = (
			);
			outputPaths = (
				"$(DERIVED_FILE_DIR)/Pods-Circle-checkManifestLockResult.txt",
			);
			runOnlyForDeploymentPostprocessing = 0;
			shellPath = /bin/sh;
			shellScript = "diff \"${PODS_PODFILE_DIR_PATH}/Podfile.lock\" \"${PODS_ROOT}/Manifest.lock\" > /dev/null\nif [ $? != 0 ] ; then\n    # print error to STDERR\n    echo \"error: The sandbox is not in sync with the Podfile.lock. Run 'pod install' or update your CocoaPods installation.\" >&2\n    exit 1\nfi\n# This output is used by Xcode 'outputs' to avoid re-running this script phase.\necho \"SUCCESS\" > \"${SCRIPT_OUTPUT_FILE_0}\"\n";
			showEnvVarsInLog = 0;
		};
		94537742FE39DF1665ECF0A5 /* [CP] Embed Pods Frameworks */ = {
			isa = PBXShellScriptBuildPhase;
			buildActionMask = 2147483647;
			files = (
			);
			inputFileListPaths = (
				"${PODS_ROOT}/Target Support Files/Pods-Circle/Pods-Circle-frameworks-${CONFIGURATION}-input-files.xcfilelist",
			);
			name = "[CP] Embed Pods Frameworks";
			outputFileListPaths = (
				"${PODS_ROOT}/Target Support Files/Pods-Circle/Pods-Circle-frameworks-${CONFIGURATION}-output-files.xcfilelist",
			);
			runOnlyForDeploymentPostprocessing = 0;
			shellPath = /bin/sh;
			shellScript = "\"${PODS_ROOT}/Target Support Files/Pods-Circle/Pods-Circle-frameworks.sh\"\n";
			showEnvVarsInLog = 0;
		};
/* End PBXShellScriptBuildPhase section */

/* Begin PBXSourcesBuildPhase section */
		1B783E692AE6942D005252A8 /* Sources */ = {
			isa = PBXSourcesBuildPhase;
			buildActionMask = 2147483647;
			files = (
				1BA8B82F2B07916500F25535 /* CheckLocationPermission.swift in Sources */,
				1B95D25A2AF10C0100432271 /* PeopleViewModel.swift in Sources */,
				1BB03D4A2AFDE4AF002B61C9 /* SectionController.swift in Sources */,
				1BFDD6892AF0D88F0067EFF9 /* PersonView.swift in Sources */,
				1B23D7512AEE5FE2003C4CF5 /* LoginViewController.swift in Sources */,
				1BA8B8332B07926C00F25535 /* ViewPostsOnCalendar.swift in Sources */,
				1BA8B81F2B078BE100F25535 /* Post.swift in Sources */,
				1BA8B7672B05C56D00F25535 /* Location.swift in Sources */,
				1BA8B8252B078FF800F25535 /* RegisterUser.swift in Sources */,
				1BA8B8382B07935900F25535 /* GrantPhotoPermission.swift in Sources */,
				1B783E752AE6942D005252A8 /* TakePhotoViewController.swift in Sources */,
				1B23D74F2AEE5FBC003C4CF5 /* RegisterViewController.swift in Sources */,
				1B23D7532AEE63C5003C4CF5 /* Contants.swift in Sources */,
				1BEC07342AFE4135000F6036 /* PostCell.swift in Sources */,
				1BA8B7632B05C54900F25535 /* User.swift in Sources */,
				1BA8B8212B078C7900F25535 /* Comment.swift in Sources */,
				1B95D2582AF10AA600432271 /* Model.swift in Sources */,
				1B95D25D2AF11A9600432271 /* PersonCollectionViewCell.swift in Sources */,
				1BA8B8292B07913900F25535 /* EnableGPS.swift in Sources */,
				1BA8B8362B07933A00F25535 /* FetchFriendList.swift in Sources */,
				1BA8B83A2B08AA8A00F25535 /*  NotifyFriendsProximity .swift in Sources */,
				1BA8B82B2B07914B00F25535 /* TakePhoto.swift in Sources */,
				1BA8B8272B07913000F25535 /* AddFriend.swift in Sources */,
				1BFDD6872AEFA2BF0067EFF9 /* CalenderViewController.swift in Sources */,
				1BA8B8232B078FE200F25535 /* CreatePost.swift in Sources */,
				1B783E712AE6942D005252A8 /* AppDelegate.swift in Sources */,
				1BA8B8312B0791AC00F25535 /* CheckProximityWithFriend.swift in Sources */,
				1B23D74D2AEE5F7C003C4CF5 /* PostViewController.swift in Sources */,
				1BA8B82D2B07915900F25535 /* UpdateUserLocation.swift in Sources */,
				1B783E732AE6942D005252A8 /* SceneDelegate.swift in Sources */,
			);
			runOnlyForDeploymentPostprocessing = 0;
		};
/* End PBXSourcesBuildPhase section */

/* Begin PBXVariantGroup section */
		1B783E7B2AE6942E005252A8 /* LaunchScreen.storyboard */ = {
			isa = PBXVariantGroup;
			children = (
				1B783E7C2AE6942E005252A8 /* Base */,
			);
			name = LaunchScreen.storyboard;
			sourceTree = "<group>";
		};
/* End PBXVariantGroup section */

/* Begin XCBuildConfiguration section */
		1B783E7F2AE6942E005252A8 /* Debug */ = {
			isa = XCBuildConfiguration;
			buildSettings = {
				ALWAYS_SEARCH_USER_PATHS = NO;
				ASSETCATALOG_COMPILER_GENERATE_SWIFT_ASSET_SYMBOL_EXTENSIONS = YES;
				CLANG_ANALYZER_NONNULL = YES;
				CLANG_ANALYZER_NUMBER_OBJECT_CONVERSION = YES_AGGRESSIVE;
				CLANG_CXX_LANGUAGE_STANDARD = "gnu++20";
				CLANG_ENABLE_MODULES = YES;
				CLANG_ENABLE_OBJC_ARC = YES;
				CLANG_ENABLE_OBJC_WEAK = YES;
				CLANG_WARN_BLOCK_CAPTURE_AUTORELEASING = YES;
				CLANG_WARN_BOOL_CONVERSION = YES;
				CLANG_WARN_COMMA = YES;
				CLANG_WARN_CONSTANT_CONVERSION = YES;
				CLANG_WARN_DEPRECATED_OBJC_IMPLEMENTATIONS = YES;
				CLANG_WARN_DIRECT_OBJC_ISA_USAGE = YES_ERROR;
				CLANG_WARN_DOCUMENTATION_COMMENTS = YES;
				CLANG_WARN_EMPTY_BODY = YES;
				CLANG_WARN_ENUM_CONVERSION = YES;
				CLANG_WARN_INFINITE_RECURSION = YES;
				CLANG_WARN_INT_CONVERSION = YES;
				CLANG_WARN_NON_LITERAL_NULL_CONVERSION = YES;
				CLANG_WARN_OBJC_IMPLICIT_RETAIN_SELF = YES;
				CLANG_WARN_OBJC_LITERAL_CONVERSION = YES;
				CLANG_WARN_OBJC_ROOT_CLASS = YES_ERROR;
				CLANG_WARN_QUOTED_INCLUDE_IN_FRAMEWORK_HEADER = YES;
				CLANG_WARN_RANGE_LOOP_ANALYSIS = YES;
				CLANG_WARN_STRICT_PROTOTYPES = YES;
				CLANG_WARN_SUSPICIOUS_MOVE = YES;
				CLANG_WARN_UNGUARDED_AVAILABILITY = YES_AGGRESSIVE;
				CLANG_WARN_UNREACHABLE_CODE = YES;
				CLANG_WARN__DUPLICATE_METHOD_MATCH = YES;
				COPY_PHASE_STRIP = NO;
				DEBUG_INFORMATION_FORMAT = dwarf;
				ENABLE_STRICT_OBJC_MSGSEND = YES;
				ENABLE_TESTABILITY = YES;
				ENABLE_USER_SCRIPT_SANDBOXING = YES;
				GCC_C_LANGUAGE_STANDARD = gnu17;
				GCC_DYNAMIC_NO_PIC = NO;
				GCC_NO_COMMON_BLOCKS = YES;
				GCC_OPTIMIZATION_LEVEL = 0;
				GCC_PREPROCESSOR_DEFINITIONS = (
					"DEBUG=1",
					"$(inherited)",
				);
				GCC_WARN_64_TO_32_BIT_CONVERSION = YES;
				GCC_WARN_ABOUT_RETURN_TYPE = YES_ERROR;
				GCC_WARN_UNDECLARED_SELECTOR = YES;
				GCC_WARN_UNINITIALIZED_AUTOS = YES_AGGRESSIVE;
				GCC_WARN_UNUSED_FUNCTION = YES;
				GCC_WARN_UNUSED_VARIABLE = YES;
				IPHONEOS_DEPLOYMENT_TARGET = 17.0;
				LOCALIZATION_PREFERS_STRING_CATALOGS = YES;
				MTL_ENABLE_DEBUG_INFO = INCLUDE_SOURCE;
				MTL_FAST_MATH = YES;
				ONLY_ACTIVE_ARCH = YES;
				SDKROOT = iphoneos;
				SWIFT_ACTIVE_COMPILATION_CONDITIONS = "DEBUG $(inherited)";
				SWIFT_OPTIMIZATION_LEVEL = "-Onone";
			};
			name = Debug;
		};
		1B783E802AE6942E005252A8 /* Release */ = {
			isa = XCBuildConfiguration;
			buildSettings = {
				ALWAYS_SEARCH_USER_PATHS = NO;
				ASSETCATALOG_COMPILER_GENERATE_SWIFT_ASSET_SYMBOL_EXTENSIONS = YES;
				CLANG_ANALYZER_NONNULL = YES;
				CLANG_ANALYZER_NUMBER_OBJECT_CONVERSION = YES_AGGRESSIVE;
				CLANG_CXX_LANGUAGE_STANDARD = "gnu++20";
				CLANG_ENABLE_MODULES = YES;
				CLANG_ENABLE_OBJC_ARC = YES;
				CLANG_ENABLE_OBJC_WEAK = YES;
				CLANG_WARN_BLOCK_CAPTURE_AUTORELEASING = YES;
				CLANG_WARN_BOOL_CONVERSION = YES;
				CLANG_WARN_COMMA = YES;
				CLANG_WARN_CONSTANT_CONVERSION = YES;
				CLANG_WARN_DEPRECATED_OBJC_IMPLEMENTATIONS = YES;
				CLANG_WARN_DIRECT_OBJC_ISA_USAGE = YES_ERROR;
				CLANG_WARN_DOCUMENTATION_COMMENTS = YES;
				CLANG_WARN_EMPTY_BODY = YES;
				CLANG_WARN_ENUM_CONVERSION = YES;
				CLANG_WARN_INFINITE_RECURSION = YES;
				CLANG_WARN_INT_CONVERSION = YES;
				CLANG_WARN_NON_LITERAL_NULL_CONVERSION = YES;
				CLANG_WARN_OBJC_IMPLICIT_RETAIN_SELF = YES;
				CLANG_WARN_OBJC_LITERAL_CONVERSION = YES;
				CLANG_WARN_OBJC_ROOT_CLASS = YES_ERROR;
				CLANG_WARN_QUOTED_INCLUDE_IN_FRAMEWORK_HEADER = YES;
				CLANG_WARN_RANGE_LOOP_ANALYSIS = YES;
				CLANG_WARN_STRICT_PROTOTYPES = YES;
				CLANG_WARN_SUSPICIOUS_MOVE = YES;
				CLANG_WARN_UNGUARDED_AVAILABILITY = YES_AGGRESSIVE;
				CLANG_WARN_UNREACHABLE_CODE = YES;
				CLANG_WARN__DUPLICATE_METHOD_MATCH = YES;
				COPY_PHASE_STRIP = NO;
				DEBUG_INFORMATION_FORMAT = "dwarf-with-dsym";
				ENABLE_NS_ASSERTIONS = NO;
				ENABLE_STRICT_OBJC_MSGSEND = YES;
				ENABLE_USER_SCRIPT_SANDBOXING = YES;
				GCC_C_LANGUAGE_STANDARD = gnu17;
				GCC_NO_COMMON_BLOCKS = YES;
				GCC_WARN_64_TO_32_BIT_CONVERSION = YES;
				GCC_WARN_ABOUT_RETURN_TYPE = YES_ERROR;
				GCC_WARN_UNDECLARED_SELECTOR = YES;
				GCC_WARN_UNINITIALIZED_AUTOS = YES_AGGRESSIVE;
				GCC_WARN_UNUSED_FUNCTION = YES;
				GCC_WARN_UNUSED_VARIABLE = YES;
				IPHONEOS_DEPLOYMENT_TARGET = 17.0;
				LOCALIZATION_PREFERS_STRING_CATALOGS = YES;
				MTL_ENABLE_DEBUG_INFO = NO;
				MTL_FAST_MATH = YES;
				SDKROOT = iphoneos;
				SWIFT_COMPILATION_MODE = wholemodule;
				VALIDATE_PRODUCT = YES;
			};
			name = Release;
		};
		1B783E822AE6942E005252A8 /* Debug */ = {
			isa = XCBuildConfiguration;
			baseConfigurationReference = E13EE9AB252B4E86A2A197C4 /* Pods-Circle.debug.xcconfig */;
			buildSettings = {
				ASSETCATALOG_COMPILER_APPICON_NAME = AppIcon;
				ASSETCATALOG_COMPILER_GLOBAL_ACCENT_COLOR_NAME = AccentColor;
				CODE_SIGN_STYLE = Automatic;
				CURRENT_PROJECT_VERSION = 1;
				DEVELOPMENT_TEAM = 96FT7QHVFB;
				ENABLE_USER_SCRIPT_SANDBOXING = NO;
				GENERATE_INFOPLIST_FILE = YES;
				INFOPLIST_FILE = Circle/Info.plist;
				INFOPLIST_KEY_CFBundleDisplayName = "";
				INFOPLIST_KEY_LSApplicationCategoryType = "";
				INFOPLIST_KEY_NSCameraUsageDescription = "幹，給我開權限";
				INFOPLIST_KEY_NSLocationUsageDescription = "幹，給我開權限喔";
				INFOPLIST_KEY_UIApplicationSupportsIndirectInputEvents = YES;
				INFOPLIST_KEY_UILaunchStoryboardName = LaunchScreen;
				INFOPLIST_KEY_UISupportedInterfaceOrientations = UIInterfaceOrientationPortrait;
				INFOPLIST_KEY_UISupportedInterfaceOrientations_iPad = "UIInterfaceOrientationLandscapeLeft UIInterfaceOrientationLandscapeRight UIInterfaceOrientationPortrait UIInterfaceOrientationPortraitUpsideDown";
				LD_RUNPATH_SEARCH_PATHS = (
					"$(inherited)",
					"@executable_path/Frameworks",
				);
				MARKETING_VERSION = 1.0;
				PRODUCT_BUNDLE_IDENTIFIER = com.bane.Circle;
				PRODUCT_NAME = "$(TARGET_NAME)";
				SWIFT_EMIT_LOC_STRINGS = YES;
				SWIFT_VERSION = 5.0;
				TARGETED_DEVICE_FAMILY = "1,2";
			};
			name = Debug;
		};
		1B783E832AE6942E005252A8 /* Release */ = {
			isa = XCBuildConfiguration;
			baseConfigurationReference = B66815C8BC959131D3F183F0 /* Pods-Circle.release.xcconfig */;
			buildSettings = {
				ASSETCATALOG_COMPILER_APPICON_NAME = AppIcon;
				ASSETCATALOG_COMPILER_GLOBAL_ACCENT_COLOR_NAME = AccentColor;
				CODE_SIGN_STYLE = Automatic;
				CURRENT_PROJECT_VERSION = 1;
				DEVELOPMENT_TEAM = 96FT7QHVFB;
				ENABLE_USER_SCRIPT_SANDBOXING = NO;
				GENERATE_INFOPLIST_FILE = YES;
				INFOPLIST_FILE = Circle/Info.plist;
				INFOPLIST_KEY_CFBundleDisplayName = "";
				INFOPLIST_KEY_LSApplicationCategoryType = "";
				INFOPLIST_KEY_NSCameraUsageDescription = "幹，給我開權限";
				INFOPLIST_KEY_NSLocationUsageDescription = "幹，給我開權限喔";
				INFOPLIST_KEY_UIApplicationSupportsIndirectInputEvents = YES;
				INFOPLIST_KEY_UILaunchStoryboardName = LaunchScreen;
				INFOPLIST_KEY_UISupportedInterfaceOrientations = UIInterfaceOrientationPortrait;
				INFOPLIST_KEY_UISupportedInterfaceOrientations_iPad = "UIInterfaceOrientationLandscapeLeft UIInterfaceOrientationLandscapeRight UIInterfaceOrientationPortrait UIInterfaceOrientationPortraitUpsideDown";
				LD_RUNPATH_SEARCH_PATHS = (
					"$(inherited)",
					"@executable_path/Frameworks",
				);
				MARKETING_VERSION = 1.0;
				PRODUCT_BUNDLE_IDENTIFIER = com.bane.Circle;
				PRODUCT_NAME = "$(TARGET_NAME)";
				SWIFT_EMIT_LOC_STRINGS = YES;
				SWIFT_VERSION = 5.0;
				TARGETED_DEVICE_FAMILY = "1,2";
			};
			name = Release;
		};
/* End XCBuildConfiguration section */

/* Begin XCConfigurationList section */
		1B783E682AE6942D005252A8 /* Build configuration list for PBXProject "Circle" */ = {
			isa = XCConfigurationList;
			buildConfigurations = (
				1B783E7F2AE6942E005252A8 /* Debug */,
				1B783E802AE6942E005252A8 /* Release */,
			);
			defaultConfigurationIsVisible = 0;
			defaultConfigurationName = Release;
		};
		1B783E812AE6942E005252A8 /* Build configuration list for PBXNativeTarget "Circle" */ = {
			isa = XCConfigurationList;
			buildConfigurations = (
				1B783E822AE6942E005252A8 /* Debug */,
				1B783E832AE6942E005252A8 /* Release */,
			);
			defaultConfigurationIsVisible = 0;
			defaultConfigurationName = Release;
		};
/* End XCConfigurationList section */

/* Begin XCRemoteSwiftPackageReference section */
		1B23A4902AFC866100F46509 /* XCRemoteSwiftPackageReference "SnapKit" */ = {
			isa = XCRemoteSwiftPackageReference;
			repositoryURL = "https://github.com/SnapKit/SnapKit.git";
			requirement = {
				kind = upToNextMajorVersion;
				minimumVersion = 5.6.0;
			};
		};
		1B23D70C2AEE5165003C4CF5 /* XCRemoteSwiftPackageReference "firebase-ios-sdk" */ = {
			isa = XCRemoteSwiftPackageReference;
			repositoryURL = "https://github.com/firebase/firebase-ios-sdk";
			requirement = {
				kind = upToNextMajorVersion;
				minimumVersion = 10.16.0;
			};
		};
		1B51E54A2AFCA40E00BF64B4 /* XCRemoteSwiftPackageReference "IGListKit" */ = {
			isa = XCRemoteSwiftPackageReference;
			repositoryURL = "https://github.com/Instagram/IGListKit.git";
			requirement = {
				kind = upToNextMajorVersion;
				minimumVersion = 4.0.0;
			};
		};
/* End XCRemoteSwiftPackageReference section */

/* Begin XCSwiftPackageProductDependency section */
		1B23A4912AFC866100F46509 /* SnapKit */ = {
			isa = XCSwiftPackageProductDependency;
			package = 1B23A4902AFC866100F46509 /* XCRemoteSwiftPackageReference "SnapKit" */;
			productName = SnapKit;
		};
		1B23A4932AFC866100F46509 /* SnapKit-Dynamic */ = {
			isa = XCSwiftPackageProductDependency;
			package = 1B23A4902AFC866100F46509 /* XCRemoteSwiftPackageReference "SnapKit" */;
			productName = "SnapKit-Dynamic";
		};
/* End XCSwiftPackageProductDependency section */
	};
	rootObject = 1B783E652AE6942D005252A8 /* Project object */;
}
